
Microsoft Visual Studio Solution File, Format Version 12.00
# Visual Studio Version 17
VisualStudioVersion = 17.10.34916.146
MinimumVisualStudioVersion = 10.0.40219.1
Project("{FAE04EC0-301F-11D3-BF4B-00C04F79EFBC}") = "TaskbarPlusPlus", "TaskbarPlusPlus.csproj", "{14FE5995-F9E2-418B-9F60-DD41A34468D2}"
EndProject
Global
	GlobalSection(SolutionConfigurationPlatforms) = preSolution
		Debug|Any CPU = Debug|Any CPU
		Release|Any CPU = Release|Any CPU
	EndGlobalSection
	GlobalSection(ProjectConfigurationPlatforms) = postSolution
		{14FE5995-F9E2-418B-9F60-DD41A34468D2}.Debug|Any CPU.ActiveCfg = Debug|Any CPU
		{14FE5995-F9E2-418B-9F60-DD41A34468D2}.Debug|Any CPU.Build.0 = Debug|Any CPU
		{14FE5995-F9E2-418B-9F60-DD41A34468D2}.Release|Any CPU.ActiveCfg = Release|Any CPU
		{14FE5995-F9E2-418B-9F60-DD41A34468D2}.Release|Any CPU.Build.0 = Release|Any CPU
	EndGlobalSection
	GlobalSection(SolutionProperties) = preSolution
		HideSolutionNode = FALSE
	EndGlobalSection
	GlobalSection(ExtensibilityGlobals) = postSolution
		SolutionGuid = {57F4BC88-38D1-4466-B0AD-631957DCFCB1}
	EndGlobalSection
EndGlobal
